
Microsoft Visual Studio Solution File, Format Version 12.00
# Visual Studio Version 16
VisualStudioVersion = 25.0.1706.8
MinimumVisualStudioVersion = 10.0.40219.1
Project("{FAE04EC0-301F-11D3-BF4B-00C04F79EFBC}") = "KLA", "KLA\KLA.csproj", "{BA94B832-6D28-4CCC-9E09-607211D99C82}"
EndProject
Global
	GlobalSection(SolutionConfigurationPlatforms) = preSolution
		Debug|Any CPU = Debug|Any CPU
		Release|Any CPU = Release|Any CPU
	EndGlobalSection
	GlobalSection(ProjectConfigurationPlatforms) = postSolution
		{BA94B832-6D28-4CCC-9E09-607211D99C82}.Debug|Any CPU.ActiveCfg = Debug|Any CPU
		{BA94B832-6D28-4CCC-9E09-607211D99C82}.Debug|Any CPU.Build.0 = Debug|Any CPU
		{BA94B832-6D28-4CCC-9E09-607211D99C82}.Release|Any CPU.ActiveCfg = Release|Any CPU
		{BA94B832-6D28-4CCC-9E09-607211D99C82}.Release|Any CPU.Build.0 = Release|Any CPU
	EndGlobalSection
	GlobalSection(SolutionProperties) = preSolution
		HideSolutionNode = FALSE
	EndGlobalSection
	GlobalSection(ExtensibilityGlobals) = postSolution
		SolutionGuid = {7EB0C12A-1627-4CCD-A589-B474DA34B29B}
	EndGlobalSection
EndGlobal
